
Microsoft Visual Studio Solution File, Format Version 12.00
# Visual Studio Version 16
VisualStudioVersion = 16.0.31005.135
MinimumVisualStudioVersion = 10.0.40219.1
Project("{FAE04EC0-301F-11D3-BF4B-00C04F79EFBC}") = "lab2", "lab2\lab2.csproj", "{D0493B8D-5E67-4B4B-88DE-D516EACF0571}"
EndProject
Global
	GlobalSection(SolutionConfigurationPlatforms) = preSolution
		Debug|Any CPU = Debug|Any CPU
		Release|Any CPU = Release|Any CPU
	EndGlobalSection
	GlobalSection(ProjectConfigurationPlatforms) = postSolution
		{D0493B8D-5E67-4B4B-88DE-D516EACF0571}.Debug|Any CPU.ActiveCfg = Debug|Any CPU
		{D0493B8D-5E67-4B4B-88DE-D516EACF0571}.Debug|Any CPU.Build.0 = Debug|Any CPU
		{D0493B8D-5E67-4B4B-88DE-D516EACF0571}.Release|Any CPU.ActiveCfg = Release|Any CPU
		{D0493B8D-5E67-4B4B-88DE-D516EACF0571}.Release|Any CPU.Build.0 = Release|Any CPU
	EndGlobalSection
	GlobalSection(SolutionProperties) = preSolution
		HideSolutionNode = FALSE
	EndGlobalSection
	GlobalSection(ExtensibilityGlobals) = postSolution
		SolutionGuid = {4B8C1B4F-2EC2-4E3E-B7A8-582B99FFACC7}
	EndGlobalSection
EndGlobal
